// !$*UTF8*$!
{
	archiveVersion = 1;
	classes = {
	};
	objectVersion = 56;
	objects = {

/* Begin PBXBuildFile section */
		BD3640AB2A65D09C00504862 /* sustainabilibeeApp.swift in Sources */ = {isa = PBXBuildFile; fileRef = BD3640AA2A65D09C00504862 /* sustainabilibeeApp.swift */; };
		BD3640AD2A65D09C00504862 /* ContentView.swift in Sources */ = {isa = PBXBuildFile; fileRef = BD3640AC2A65D09C00504862 /* ContentView.swift */; };
		BD3640AF2A65D09D00504862 /* Assets.xcassets in Resources */ = {isa = PBXBuildFile; fileRef = BD3640AE2A65D09D00504862 /* Assets.xcassets */; };
		BD3640B22A65D09D00504862 /* Preview Assets.xcassets in Resources */ = {isa = PBXBuildFile; fileRef = BD3640B12A65D09D00504862 /* Preview Assets.xcassets */; };
		BD7F7D542A670ECF0082CC53 /* sustainabilitytips.swift in Sources */ = {isa = PBXBuildFile; fileRef = BD7F7D532A670ECF0082CC53 /* sustainabilitytips.swift */; };
		BD7F7D562A670EDF0082CC53 /* goaltracker.swift in Sources */ = {isa = PBXBuildFile; fileRef = BD7F7D552A670EDF0082CC53 /* goaltracker.swift */; };
		BD7F7D582A670EF80082CC53 /* moreresources.swift in Sources */ = {isa = PBXBuildFile; fileRef = BD7F7D572A670EF80082CC53 /* moreresources.swift */; };
		BD7F7D5A2A670F070082CC53 /* ourmission.swift in Sources */ = {isa = PBXBuildFile; fileRef = BD7F7D592A670F070082CC53 /* ourmission.swift */; };
		BDACE1E42A686B080052BE05 /* OpenSans-Light.ttf in Resources */ = {isa = PBXBuildFile; fileRef = BDACE1E32A686B080052BE05 /* OpenSans-Light.ttf */; };
		BDFFDB2F2A66DD7B00B967A2 /* AlegreyaSansSC-Regular.ttf in Resources */ = {isa = PBXBuildFile; fileRef = BDFFDB2E2A66DD7B00B967A2 /* AlegreyaSansSC-Regular.ttf */; };
/* End PBXBuildFile section */

/* Begin PBXFileReference section */
		BD3640A72A65D09C00504862 /* sustainabilibee.app */ = {isa = PBXFileReference; explicitFileType = wrapper.application; includeInIndex = 0; path = sustainabilibee.app; sourceTree = BUILT_PRODUCTS_DIR; };
		BD3640AA2A65D09C00504862 /* sustainabilibeeApp.swift */ = {isa = PBXFileReference; lastKnownFileType = sourcecode.swift; path = sustainabilibeeApp.swift; sourceTree = "<group>"; };
		BD3640AC2A65D09C00504862 /* ContentView.swift */ = {isa = PBXFileReference; lastKnownFileType = sourcecode.swift; path = ContentView.swift; sourceTree = "<group>"; };
		BD3640AE2A65D09D00504862 /* Assets.xcassets */ = {isa = PBXFileReference; lastKnownFileType = folder.assetcatalog; path = Assets.xcassets; sourceTree = "<group>"; };
		BD3640B12A65D09D00504862 /* Preview Assets.xcassets */ = {isa = PBXFileReference; lastKnownFileType = folder.assetcatalog; path = "Preview Assets.xcassets"; sourceTree = "<group>"; };
		BD7F7D532A670ECF0082CC53 /* sustainabilitytips.swift */ = {isa = PBXFileReference; lastKnownFileType = sourcecode.swift; path = sustainabilitytips.swift; sourceTree = "<group>"; };
		BD7F7D552A670EDF0082CC53 /* goaltracker.swift */ = {isa = PBXFileReference; lastKnownFileType = sourcecode.swift; path = goaltracker.swift; sourceTree = "<group>"; };
		BD7F7D572A670EF80082CC53 /* moreresources.swift */ = {isa = PBXFileReference; lastKnownFileType = sourcecode.swift; path = moreresources.swift; sourceTree = "<group>"; };
		BD7F7D592A670F070082CC53 /* ourmission.swift */ = {isa = PBXFileReference; lastKnownFileType = sourcecode.swift; path = ourmission.swift; sourceTree = "<group>"; };
		BDACE1E32A686B080052BE05 /* OpenSans-Light.ttf */ = {isa = PBXFileReference; lastKnownFileType = file; path = "OpenSans-Light.ttf"; sourceTree = "<group>"; };
		BDEB766F2A67094A001D0ED3 /* Info.plist */ = {isa = PBXFileReference; lastKnownFileType = text.plist; path = Info.plist; sourceTree = "<group>"; };
		BDFFDB2E2A66DD7B00B967A2 /* AlegreyaSansSC-Regular.ttf */ = {isa = PBXFileReference; lastKnownFileType = file; path = "AlegreyaSansSC-Regular.ttf"; sourceTree = "<group>"; };
/* End PBXFileReference section */

/* Begin PBXFrameworksBuildPhase section */
		BD3640A42A65D09C00504862 /* Frameworks */ = {
			isa = PBXFrameworksBuildPhase;
			buildActionMask = 2147483647;
			files = (
			);
			runOnlyForDeploymentPostprocessing = 0;
		};
/* End PBXFrameworksBuildPhase section */

/* Begin PBXGroup section */
		BD36409E2A65D09C00504862 = {
			isa = PBXGroup;
			children = (
				BD3640A92A65D09C00504862 /* sustainabilibee */,
				BD3640A82A65D09C00504862 /* Products */,
			);
			sourceTree = "<group>";
		};
		BD3640A82A65D09C00504862 /* Products */ = {
			isa = PBXGroup;
			children = (
				BD3640A72A65D09C00504862 /* sustainabilibee.app */,
			);
			name = Products;
			sourceTree = "<group>";
		};
		BD3640A92A65D09C00504862 /* sustainabilibee */ = {
			isa = PBXGroup;
			children = (
				BDEB766F2A67094A001D0ED3 /* Info.plist */,
				BDFFDB2B2A66DD0700B967A2 /* fonts */,
				BD3640AA2A65D09C00504862 /* sustainabilibeeApp.swift */,
				BD3640AC2A65D09C00504862 /* ContentView.swift */,
				BD7F7D552A670EDF0082CC53 /* goaltracker.swift */,
				BD7F7D532A670ECF0082CC53 /* sustainabilitytips.swift */,
				BD7F7D572A670EF80082CC53 /* moreresources.swift */,
				BD7F7D592A670F070082CC53 /* ourmission.swift */,
				BD3640AE2A65D09D00504862 /* Assets.xcassets */,
				BD3640B02A65D09D00504862 /* Preview Content */,
			);
			path = sustainabilibee;
			sourceTree = "<group>";
		};
		BD3640B02A65D09D00504862 /* Preview Content */ = {
			isa = PBXGroup;
			children = (
				BD3640B12A65D09D00504862 /* Preview Assets.xcassets */,
			);
			path = "Preview Content";
			sourceTree = "<group>";
		};
		BDFFDB2B2A66DD0700B967A2 /* fonts */ = {
			isa = PBXGroup;
			children = (
				BDFFDB2E2A66DD7B00B967A2 /* AlegreyaSansSC-Regular.ttf */,
				BDACE1E32A686B080052BE05 /* OpenSans-Light.ttf */,
			);
			path = fonts;
			sourceTree = "<group>";
		};
/* End PBXGroup section */

/* Begin PBXNativeTarget section */
		BD3640A62A65D09C00504862 /* sustainabilibee */ = {
			isa = PBXNativeTarget;
			buildConfigurationList = BD3640B52A65D09D00504862 /* Build configuration list for PBXNativeTarget "sustainabilibee" */;
			buildPhases = (
				BD3640A32A65D09C00504862 /* Sources */,
				BD3640A42A65D09C00504862 /* Frameworks */,
				BD3640A52A65D09C00504862 /* Resources */,
			);
			buildRules = (
			);
			dependencies = (
			);
			name = sustainabilibee;
			productName = sustainabilibee;
			productReference = BD3640A72A65D09C00504862 /* sustainabilibee.app */;
			productType = "com.apple.product-type.application";
		};
/* End PBXNativeTarget section */

/* Begin PBXProject section */
		BD36409F2A65D09C00504862 /* Project object */ = {
			isa = PBXProject;
			attributes = {
				BuildIndependentTargetsInParallel = 1;
				LastSwiftUpdateCheck = 1430;
				LastUpgradeCheck = 1430;
				TargetAttributes = {
					BD3640A62A65D09C00504862 = {
						CreatedOnToolsVersion = 14.3.1;
					};
				};
			};
			buildConfigurationList = BD3640A22A65D09C00504862 /* Build configuration list for PBXProject "sustainabilibee" */;
			compatibilityVersion = "Xcode 14.0";
			developmentRegion = en;
			hasScannedForEncodings = 0;
			knownRegions = (
				en,
				Base,
			);
			mainGroup = BD36409E2A65D09C00504862;
			productRefGroup = BD3640A82A65D09C00504862 /* Products */;
			projectDirPath = "";
			projectRoot = "";
			targets = (
				BD3640A62A65D09C00504862 /* sustainabilibee */,
			);
		};
/* End PBXProject section */

/* Begin PBXResourcesBuildPhase section */
		BD3640A52A65D09C00504862 /* Resources */ = {
			isa = PBXResourcesBuildPhase;
			buildActionMask = 2147483647;
			files = (
				BDACE1E42A686B080052BE05 /* OpenSans-Light.ttf in Resources */,
				BDFFDB2F2A66DD7B00B967A2 /* AlegreyaSansSC-Regular.ttf in Resources */,
				BD3640B22A65D09D00504862 /* Preview Assets.xcassets in Resources */,
				BD3640AF2A65D09D00504862 /* Assets.xcassets in Resources */,
			);
			runOnlyForDeploymentPostprocessing = 0;
		};
/* End PBXResourcesBuildPhase section */

/* Begin PBXSourcesBuildPhase section */
		BD3640A32A65D09C00504862 /* Sources */ = {
			isa = PBXSourcesBuildPhase;
			buildActionMask = 2147483647;
			files = (
				BD7F7D582A670EF80082CC53 /* moreresources.swift in Sources */,
				BD7F7D5A2A670F070082CC53 /* ourmission.swift in Sources */,
				BD7F7D542A670ECF0082CC53 /* sustainabilitytips.swift in Sources */,
				BD3640AD2A65D09C00504862 /* ContentView.swift in Sources */,
				BD3640AB2A65D09C00504862 /* sustainabilibeeApp.swift in Sources */,
				BD7F7D562A670EDF0082CC53 /* goaltracker.swift in Sources */,
			);
			runOnlyForDeploymentPostprocessing = 0;
		};
/* End PBXSourcesBuildPhase section */

/* Begin XCBuildConfiguration section */
		BD3640B32A65D09D00504862 /* Debug */ = {
			isa = XCBuildConfiguration;
			buildSettings = {
				ALWAYS_SEARCH_USER_PATHS = NO;
				CLANG_ANALYZER_NONNULL = YES;
				CLANG_ANALYZER_NUMBER_OBJECT_CONVERSION = YES_AGGRESSIVE;
				CLANG_CXX_LANGUAGE_STANDARD = "gnu++20";
				CLANG_ENABLE_MODULES = YES;
				CLANG_ENABLE_OBJC_ARC = YES;
				CLANG_ENABLE_OBJC_WEAK = YES;
				CLANG_WARN_BLOCK_CAPTURE_AUTORELEASING = YES;
				CLANG_WARN_BOOL_CONVERSION = YES;
				CLANG_WARN_COMMA = YES;
				CLANG_WARN_CONSTANT_CONVERSION = YES;
				CLANG_WARN_DEPRECATED_OBJC_IMPLEMENTATIONS = YES;
				CLANG_WARN_DIRECT_OBJC_ISA_USAGE = YES_ERROR;
				CLANG_WARN_DOCUMENTATION_COMMENTS = YES;
				CLANG_WARN_EMPTY_BODY = YES;
				CLANG_WARN_ENUM_CONVERSION = YES;
				CLANG_WARN_INFINITE_RECURSION = YES;
				CLANG_WARN_INT_CONVERSION = YES;
				CLANG_WARN_NON_LITERAL_NULL_CONVERSION = YES;
				CLANG_WARN_OBJC_IMPLICIT_RETAIN_SELF = YES;
				CLANG_WARN_OBJC_LITERAL_CONVERSION = YES;
				CLANG_WARN_OBJC_ROOT_CLASS = YES_ERROR;
				CLANG_WARN_QUOTED_INCLUDE_IN_FRAMEWORK_HEADER = YES;
				CLANG_WARN_RANGE_LOOP_ANALYSIS = YES;
				CLANG_WARN_STRICT_PROTOTYPES = YES;
				CLANG_WARN_SUSPICIOUS_MOVE = YES;
				CLANG_WARN_UNGUARDED_AVAILABILITY = YES_AGGRESSIVE;
				CLANG_WARN_UNREACHABLE_CODE = YES;
				CLANG_WARN__DUPLICATE_METHOD_MATCH = YES;
				COPY_PHASE_STRIP = NO;
				DEBUG_INFORMATION_FORMAT = dwarf;
				ENABLE_STRICT_OBJC_MSGSEND = YES;
				ENABLE_TESTABILITY = YES;
				GCC_C_LANGUAGE_STANDARD = gnu11;
				GCC_DYNAMIC_NO_PIC = NO;
				GCC_NO_COMMON_BLOCKS = YES;
				GCC_OPTIMIZATION_LEVEL = 0;
				GCC_PREPROCESSOR_DEFINITIONS = (
					"DEBUG=1",
					"$(inherited)",
				);
				GCC_WARN_64_TO_32_BIT_CONVERSION = YES;
				GCC_WARN_ABOUT_RETURN_TYPE = YES_ERROR;
				GCC_WARN_UNDECLARED_SELECTOR = YES;
				GCC_WARN_UNINITIALIZED_AUTOS = YES_AGGRESSIVE;
				GCC_WARN_UNUSED_FUNCTION = YES;
				GCC_WARN_UNUSED_VARIABLE = YES;
				IPHONEOS_DEPLOYMENT_TARGET = 16.4;
				MTL_ENABLE_DEBUG_INFO = INCLUDE_SOURCE;
				MTL_FAST_MATH = YES;
				ONLY_ACTIVE_ARCH = YES;
				SDKROOT = iphoneos;
				SWIFT_ACTIVE_COMPILATION_CONDITIONS = DEBUG;
				SWIFT_OPTIMIZATION_LEVEL = "-Onone";
			};
			name = Debug;
		};
		BD3640B42A65D09D00504862 /* Release */ = {
			isa = XCBuildConfiguration;
			buildSettings = {
				ALWAYS_SEARCH_USER_PATHS = NO;
				CLANG_ANALYZER_NONNULL = YES;
				CLANG_ANALYZER_NUMBER_OBJECT_CONVERSION = YES_AGGRESSIVE;
				CLANG_CXX_LANGUAGE_STANDARD = "gnu++20";
				CLANG_ENABLE_MODULES = YES;
				CLANG_ENABLE_OBJC_ARC = YES;
				CLANG_ENABLE_OBJC_WEAK = YES;
				CLANG_WARN_BLOCK_CAPTURE_AUTORELEASING = YES;
				CLANG_WARN_BOOL_CONVERSION = YES;
				CLANG_WARN_COMMA = YES;
				CLANG_WARN_CONSTANT_CONVERSION = YES;
				CLANG_WARN_DEPRECATED_OBJC_IMPLEMENTATIONS = YES;
				CLANG_WARN_DIRECT_OBJC_ISA_USAGE = YES_ERROR;
				CLANG_WARN_DOCUMENTATION_COMMENTS = YES;
				CLANG_WARN_EMPTY_BODY = YES;
				CLANG_WARN_ENUM_CONVERSION = YES;
				CLANG_WARN_INFINITE_RECURSION = YES;
				CLANG_WARN_INT_CONVERSION = YES;
				CLANG_WARN_NON_LITERAL_NULL_CONVERSION = YES;
				CLANG_WARN_OBJC_IMPLICIT_RETAIN_SELF = YES;
				CLANG_WARN_OBJC_LITERAL_CONVERSION = YES;
				CLANG_WARN_OBJC_ROOT_CLASS = YES_ERROR;
				CLANG_WARN_QUOTED_INCLUDE_IN_FRAMEWORK_HEADER = YES;
				CLANG_WARN_RANGE_LOOP_ANALYSIS = YES;
				CLANG_WARN_STRICT_PROTOTYPES = YES;
				CLANG_WARN_SUSPICIOUS_MOVE = YES;
				CLANG_WARN_UNGUARDED_AVAILABILITY = YES_AGGRESSIVE;
				CLANG_WARN_UNREACHABLE_CODE = YES;
				CLANG_WARN__DUPLICATE_METHOD_MATCH = YES;
				COPY_PHASE_STRIP = NO;
				DEBUG_INFORMATION_FORMAT = "dwarf-with-dsym";
				ENABLE_NS_ASSERTIONS = NO;
				ENABLE_STRICT_OBJC_MSGSEND = YES;
				GCC_C_LANGUAGE_STANDARD = gnu11;
				GCC_NO_COMMON_BLOCKS = YES;
				GCC_WARN_64_TO_32_BIT_CONVERSION = YES;
				GCC_WARN_ABOUT_RETURN_TYPE = YES_ERROR;
				GCC_WARN_UNDECLARED_SELECTOR = YES;
				GCC_WARN_UNINITIALIZED_AUTOS = YES_AGGRESSIVE;
				GCC_WARN_UNUSED_FUNCTION = YES;
				GCC_WARN_UNUSED_VARIABLE = YES;
				IPHONEOS_DEPLOYMENT_TARGET = 16.4;
				MTL_ENABLE_DEBUG_INFO = NO;
				MTL_FAST_MATH = YES;
				SDKROOT = iphoneos;
				SWIFT_COMPILATION_MODE = wholemodule;
				SWIFT_OPTIMIZATION_LEVEL = "-O";
				VALIDATE_PRODUCT = YES;
			};
			name = Release;
		};
		BD3640B62A65D09D00504862 /* Debug */ = {
			isa = XCBuildConfiguration;
			buildSettings = {
				ASSETCATALOG_COMPILER_APPICON_NAME = AppIcon;
				ASSETCATALOG_COMPILER_GLOBAL_ACCENT_COLOR_NAME = AccentColor;
				CODE_SIGN_STYLE = Automatic;
				CURRENT_PROJECT_VERSION = 1;
				DEVELOPMENT_ASSET_PATHS = "\"sustainabilibee/Preview Content\"";
				ENABLE_PREVIEWS = YES;
				GENERATE_INFOPLIST_FILE = YES;
				INFOPLIST_FILE = sustainabilibee/Info.plist;
				INFOPLIST_KEY_UIApplicationSceneManifest_Generation = YES;
				INFOPLIST_KEY_UIApplicationSupportsIndirectInputEvents = YES;
				INFOPLIST_KEY_UILaunchScreen_Generation = YES;
				INFOPLIST_KEY_UISupportedInterfaceOrientations_iPad = "UIInterfaceOrientationPortrait UIInterfaceOrientationPortraitUpsideDown UIInterfaceOrientationLandscapeLeft UIInterfaceOrientationLandscapeRight";
				INFOPLIST_KEY_UISupportedInterfaceOrientations_iPhone = "UIInterfaceOrientationPortrait UIInterfaceOrientationLandscapeLeft UIInterfaceOrientationLandscapeRight";
				LD_RUNPATH_SEARCH_PATHS = (
					"$(inherited)",
					"@executable_path/Frameworks",
				);
				MARKETING_VERSION = 1.0;
				PRODUCT_BUNDLE_IDENTIFIER = KWK.sustainabilibee;
				PRODUCT_NAME = "$(TARGET_NAME)";
				SWIFT_EMIT_LOC_STRINGS = YES;
				SWIFT_VERSION = 5.0;
				TARGETED_DEVICE_FAMILY = "1,2";
			};
			name = Debug;
		};
		BD3640B72A65D09D00504862 /* Release */ = {
			isa = XCBuildConfiguration;
			buildSettings = {
				ASSETCATALOG_COMPILER_APPICON_NAME = AppIcon;
				ASSETCATALOG_COMPILER_GLOBAL_ACCENT_COLOR_NAME = AccentColor;
				CODE_SIGN_STYLE = Automatic;
				CURRENT_PROJECT_VERSION = 1;
				DEVELOPMENT_ASSET_PATHS = "\"sustainabilibee/Preview Content\"";
				ENABLE_PREVIEWS = YES;
				GENERATE_INFOPLIST_FILE = YES;
				INFOPLIST_FILE = sustainabilibee/Info.plist;
				INFOPLIST_KEY_UIApplicationSceneManifest_Generation = YES;
				INFOPLIST_KEY_UIApplicationSupportsIndirectInputEvents = YES;
				INFOPLIST_KEY_UILaunchScreen_Generation = YES;
				INFOPLIST_KEY_UISupportedInterfaceOrientations_iPad = "UIInterfaceOrientationPortrait UIInterfaceOrientationPortraitUpsideDown UIInterfaceOrientationLandscapeLeft UIInterfaceOrientationLandscapeRight";
				INFOPLIST_KEY_UISupportedInterfaceOrientations_iPhone = "UIInterfaceOrientationPortrait UIInterfaceOrientationLandscapeLeft UIInterfaceOrientationLandscapeRight";
				LD_RUNPATH_SEARCH_PATHS = (
					"$(inherited)",
					"@executable_path/Frameworks",
				);
				MARKETING_VERSION = 1.0;
				PRODUCT_BUNDLE_IDENTIFIER = KWK.sustainabilibee;
				PRODUCT_NAME = "$(TARGET_NAME)";
				SWIFT_EMIT_LOC_STRINGS = YES;
				SWIFT_VERSION = 5.0;
				TARGETED_DEVICE_FAMILY = "1,2";
			};
			name = Release;
		};
/* End XCBuildConfiguration section */

/* Begin XCConfigurationList section */
		BD3640A22A65D09C00504862 /* Build configuration list for PBXProject "sustainabilibee" */ = {
			isa = XCConfigurationList;
			buildConfigurations = (
				BD3640B32A65D09D00504862 /* Debug */,
				BD3640B42A65D09D00504862 /* Release */,
			);
			defaultConfigurationIsVisible = 0;
			defaultConfigurationName = Release;
		};
		BD3640B52A65D09D00504862 /* Build configuration list for PBXNativeTarget "sustainabilibee" */ = {
			isa = XCConfigurationList;
			buildConfigurations = (
				BD3640B62A65D09D00504862 /* Debug */,
				BD3640B72A65D09D00504862 /* Release */,
			);
			defaultConfigurationIsVisible = 0;
			defaultConfigurationName = Release;
		};
/* End XCConfigurationList section */
	};
	rootObject = BD36409F2A65D09C00504862 /* Project object */;
}
